// !$*UTF8*$!
{
	archiveVersion = 1;
	classes = {
	};
	objectVersion = 44;
	objects = {

/* Begin PBXBuildFile section */
		770B37ED0679A11B001EADE2 /* CLManager_DataModel.xcdatamodel in Sources */ = {isa = PBXBuildFile; fileRef = 770B37EC0679A11B001EADE2 /* CLManager_DataModel.xcdatamodel */; };
		77C8280E06725ACE000B614F /* CLManager_AppDelegate.m in Sources */ = {isa = PBXBuildFile; fileRef = 77C8280C06725ACE000B614F /* CLManager_AppDelegate.m */; };
		8D11072A0486CEB800E47090 /* MainMenu.nib in Resources */ = {isa = PBXBuildFile; fileRef = 29B97318FDCFA39411CA2CEA /* MainMenu.nib */; };
		8D11072B0486CEB800E47090 /* InfoPlist.strings in Resources */ = {isa = PBXBuildFile; fileRef = 089C165CFE840E0CC02AAC07 /* InfoPlist.strings */; };
		8D11072D0486CEB800E47090 /* main.m in Sources */ = {isa = PBXBuildFile; fileRef = 29B97316FDCFA39411CA2CEA /* main.m */; settings = {ATTRIBUTES = (); }; };
		8D11072F0486CEB800E47090 /* Cocoa.framework in Frameworks */ = {isa = PBXBuildFile; fileRef = 1058C7A1FEA54F0111CA2CBB /* Cocoa.framework */; };
		921D644E0D48C38E0005B2EA /* PostImageView.m in Sources */ = {isa = PBXBuildFile; fileRef = 921D644D0D48C38E0005B2EA /* PostImageView.m */; };
		921D64870D48CA9B0005B2EA /* AttachmentImageView.m in Sources */ = {isa = PBXBuildFile; fileRef = 921D64840D48CA9B0005B2EA /* AttachmentImageView.m */; };
		921D64880D48CA9B0005B2EA /* AttachmentTableView.m in Sources */ = {isa = PBXBuildFile; fileRef = 921D64860D48CA9B0005B2EA /* AttachmentTableView.m */; };
		921D65250D48DE540005B2EA /* MessageTemplateViewItem.m in Sources */ = {isa = PBXBuildFile; fileRef = 921D65240D48DE540005B2EA /* MessageTemplateViewItem.m */; };
		921D65280D48DE870005B2EA /* MessageTemplateCollectionView.m in Sources */ = {isa = PBXBuildFile; fileRef = 921D65270D48DE870005B2EA /* MessageTemplateCollectionView.m */; };
		921D66D50D4940000005B2EA /* AttachmentCell.m in Sources */ = {isa = PBXBuildFile; fileRef = 921D66D40D4940000005B2EA /* AttachmentCell.m */; };
		921D66FA0D4941F70005B2EA /* BaseTableView.m in Sources */ = {isa = PBXBuildFile; fileRef = 921D66F70D4941F70005B2EA /* BaseTableView.m */; };
		921D66FB0D4941F70005B2EA /* MessageTemplateTableView.m in Sources */ = {isa = PBXBuildFile; fileRef = 921D66F90D4941F70005B2EA /* MessageTemplateTableView.m */; };
		9221CAD50D3A986800895DFC /* MessageTemplateController.m in Sources */ = {isa = PBXBuildFile; fileRef = 9221CAD30D3A986800895DFC /* MessageTemplateController.m */; };
		9221CAD80D3A9EAA00895DFC /* CSMail.framework in Frameworks */ = {isa = PBXBuildFile; fileRef = 9221CAD70D3A9EAA00895DFC /* CSMail.framework */; };
		9221CB340D3ADE9B00895DFC /* PostController.m in Sources */ = {isa = PBXBuildFile; fileRef = 9221CB330D3ADE9B00895DFC /* PostController.m */; };
		92420B050D43C01C00AAF1A4 /* City.m in Sources */ = {isa = PBXBuildFile; fileRef = 92420B040D43C01C00AAF1A4 /* City.m */; };
		92420B080D43C06E00AAF1A4 /* Category.m in Sources */ = {isa = PBXBuildFile; fileRef = 92420B070D43C06E00AAF1A4 /* Category.m */; };
		92420B0B0D43C09300AAF1A4 /* Post.m in Sources */ = {isa = PBXBuildFile; fileRef = 92420B0A0D43C09300AAF1A4 /* Post.m */; };
		92420B4C0D43D17C00AAF1A4 /* FavoriteValueTransformer.m in Sources */ = {isa = PBXBuildFile; fileRef = 92420B4B0D43D17C00AAF1A4 /* FavoriteValueTransformer.m */; };
		92420B4F0D43D19700AAF1A4 /* RespondedValueTransformer.m in Sources */ = {isa = PBXBuildFile; fileRef = 92420B4E0D43D19700AAF1A4 /* RespondedValueTransformer.m */; };
		92420B520D43D1A800AAF1A4 /* PicValueTransformer.m in Sources */ = {isa = PBXBuildFile; fileRef = 92420B510D43D1A800AAF1A4 /* PicValueTransformer.m */; };
		92420B9B0D44EE6F00AAF1A4 /* PostImage.m in Sources */ = {isa = PBXBuildFile; fileRef = 92420B9A0D44EE6F00AAF1A4 /* PostImage.m */; };
		92B17AEE0D4788AE00E2EE87 /* FlaggedValueTransformer.m in Sources */ = {isa = PBXBuildFile; fileRef = 92B17AE90D4788AE00E2EE87 /* FlaggedValueTransformer.m */; };
		92B17AEF0D4788AE00E2EE87 /* KeystrokeAwareButton.m in Sources */ = {isa = PBXBuildFile; fileRef = 92B17AEB0D4788AE00E2EE87 /* KeystrokeAwareButton.m */; };
		92B17AF00D4788AE00E2EE87 /* MessageTemplateImage.m in Sources */ = {isa = PBXBuildFile; fileRef = 92B17AED0D4788AE00E2EE87 /* MessageTemplateImage.m */; };
/* End PBXBuildFile section */

/* Begin PBXFileReference section */
		089C165DFE840E0CC02AAC07 /* English */ = {isa = PBXFileReference; fileEncoding = 10; lastKnownFileType = text.plist.strings; name = English; path = English.lproj/InfoPlist.strings; sourceTree = "<group>"; };
		1058C7A1FEA54F0111CA2CBB /* Cocoa.framework */ = {isa = PBXFileReference; lastKnownFileType = wrapper.framework; name = Cocoa.framework; path = /System/Library/Frameworks/Cocoa.framework; sourceTree = "<absolute>"; };
		29B97316FDCFA39411CA2CEA /* main.m */ = {isa = PBXFileReference; fileEncoding = 4; lastKnownFileType = sourcecode.c.objc; path = main.m; sourceTree = "<group>"; };
		29B97319FDCFA39411CA2CEA /* English */ = {isa = PBXFileReference; lastKnownFileType = wrapper.nib; name = English; path = English.lproj/MainMenu.nib; sourceTree = "<group>"; };
		29B97324FDCFA39411CA2CEA /* AppKit.framework */ = {isa = PBXFileReference; lastKnownFileType = wrapper.framework; name = AppKit.framework; path = /System/Library/Frameworks/AppKit.framework; sourceTree = "<absolute>"; };
		29B97325FDCFA39411CA2CEA /* Foundation.framework */ = {isa = PBXFileReference; lastKnownFileType = wrapper.framework; name = Foundation.framework; path = /System/Library/Frameworks/Foundation.framework; sourceTree = "<absolute>"; };
		32CA4F630368D1EE00C91783 /* CLManager_Prefix.pch */ = {isa = PBXFileReference; fileEncoding = 4; lastKnownFileType = sourcecode.c.h; path = CLManager_Prefix.pch; sourceTree = "<group>"; };
		770B37EC0679A11B001EADE2 /* CLManager_DataModel.xcdatamodel */ = {isa = PBXFileReference; fileEncoding = 4; lastKnownFileType = wrapper.xcdatamodel; path = CLManager_DataModel.xcdatamodel; sourceTree = "<group>"; };
		77C82804067257F0000B614F /* CoreData.framework */ = {isa = PBXFileReference; lastKnownFileType = wrapper.framework; name = CoreData.framework; path = /System/Library/Frameworks/CoreData.framework; sourceTree = "<absolute>"; };
		77C8280B06725ACE000B614F /* CLManager_AppDelegate.h */ = {isa = PBXFileReference; fileEncoding = 4; lastKnownFileType = sourcecode.c.h; path = CLManager_AppDelegate.h; sourceTree = "<group>"; };
		77C8280C06725ACE000B614F /* CLManager_AppDelegate.m */ = {isa = PBXFileReference; fileEncoding = 4; lastKnownFileType = sourcecode.c.objc; path = CLManager_AppDelegate.m; sourceTree = "<group>"; };
		8D1107310486CEB800E47090 /* Info.plist */ = {isa = PBXFileReference; fileEncoding = 4; lastKnownFileType = text.plist; path = Info.plist; sourceTree = "<group>"; };
		8D1107320486CEB800E47090 /* CLManager.app */ = {isa = PBXFileReference; explicitFileType = wrapper.application; includeInIndex = 0; path = CLManager.app; sourceTree = BUILT_PRODUCTS_DIR; };
		921D644C0D48C38E0005B2EA /* PostImageView.h */ = {isa = PBXFileReference; fileEncoding = 4; lastKnownFileType = sourcecode.c.h; path = PostImageView.h; sourceTree = "<group>"; };
		921D644D0D48C38E0005B2EA /* PostImageView.m */ = {isa = PBXFileReference; fileEncoding = 4; lastKnownFileType = sourcecode.c.objc; path = PostImageView.m; sourceTree = "<group>"; };
		921D64830D48CA9B0005B2EA /* AttachmentImageView.h */ = {isa = PBXFileReference; fileEncoding = 4; lastKnownFileType = sourcecode.c.h; path = AttachmentImageView.h; sourceTree = "<group>"; };
		921D64840D48CA9B0005B2EA /* AttachmentImageView.m */ = {isa = PBXFileReference; fileEncoding = 4; lastKnownFileType = sourcecode.c.objc; path = AttachmentImageView.m; sourceTree = "<group>"; };
		921D64850D48CA9B0005B2EA /* AttachmentTableView.h */ = {isa = PBXFileReference; fileEncoding = 4; lastKnownFileType = sourcecode.c.h; path = AttachmentTableView.h; sourceTree = "<group>"; };
		921D64860D48CA9B0005B2EA /* AttachmentTableView.m */ = {isa = PBXFileReference; fileEncoding = 4; lastKnownFileType = sourcecode.c.objc; path = AttachmentTableView.m; sourceTree = "<group>"; };
		921D65230D48DE540005B2EA /* MessageTemplateViewItem.h */ = {isa = PBXFileReference; fileEncoding = 4; lastKnownFileType = sourcecode.c.h; path = MessageTemplateViewItem.h; sourceTree = "<group>"; };
		921D65240D48DE540005B2EA /* MessageTemplateViewItem.m */ = {isa = PBXFileReference; fileEncoding = 4; lastKnownFileType = sourcecode.c.objc; path = MessageTemplateViewItem.m; sourceTree = "<group>"; };
		921D65260D48DE870005B2EA /* MessageTemplateCollectionView.h */ = {isa = PBXFileReference; fileEncoding = 4; lastKnownFileType = sourcecode.c.h; path = MessageTemplateCollectionView.h; sourceTree = "<group>"; };
		921D65270D48DE870005B2EA /* MessageTemplateCollectionView.m */ = {isa = PBXFileReference; fileEncoding = 4; lastKnownFileType = sourcecode.c.objc; path = MessageTemplateCollectionView.m; sourceTree = "<group>"; };
		921D66D30D4940000005B2EA /* AttachmentCell.h */ = {isa = PBXFileReference; fileEncoding = 4; lastKnownFileType = sourcecode.c.h; path = AttachmentCell.h; sourceTree = "<group>"; };
		921D66D40D4940000005B2EA /* AttachmentCell.m */ = {isa = PBXFileReference; fileEncoding = 4; lastKnownFileType = sourcecode.c.objc; path = AttachmentCell.m; sourceTree = "<group>"; };
		921D66F60D4941F70005B2EA /* BaseTableView.h */ = {isa = PBXFileReference; fileEncoding = 4; lastKnownFileType = sourcecode.c.h; path = BaseTableView.h; sourceTree = "<group>"; };
		921D66F70D4941F70005B2EA /* BaseTableView.m */ = {isa = PBXFileReference; fileEncoding = 4; lastKnownFileType = sourcecode.c.objc; path = BaseTableView.m; sourceTree = "<group>"; };
		921D66F80D4941F70005B2EA /* MessageTemplateTableView.h */ = {isa = PBXFileReference; fileEncoding = 4; lastKnownFileType = sourcecode.c.h; path = MessageTemplateTableView.h; sourceTree = "<group>"; };
		921D66F90D4941F70005B2EA /* MessageTemplateTableView.m */ = {isa = PBXFileReference; fileEncoding = 4; lastKnownFileType = sourcecode.c.objc; path = MessageTemplateTableView.m; sourceTree = "<group>"; };
		9221CAD30D3A986800895DFC /* MessageTemplateController.m */ = {isa = PBXFileReference; fileEncoding = 4; lastKnownFileType = sourcecode.c.objc; path = MessageTemplateController.m; sourceTree = "<group>"; };
		9221CAD40D3A986800895DFC /* MessageTemplateController.h */ = {isa = PBXFileReference; fileEncoding = 4; lastKnownFileType = sourcecode.c.h; path = MessageTemplateController.h; sourceTree = "<group>"; };
		9221CAD70D3A9EAA00895DFC /* CSMail.framework */ = {isa = PBXFileReference; lastKnownFileType = wrapper.framework; name = CSMail.framework; path = /Library/Frameworks/CSMail.framework; sourceTree = "<absolute>"; };
		9221CB320D3ADE9B00895DFC /* PostController.h */ = {isa = PBXFileReference; fileEncoding = 4; lastKnownFileType = sourcecode.c.h; path = PostController.h; sourceTree = "<group>"; };
		9221CB330D3ADE9B00895DFC /* PostController.m */ = {isa = PBXFileReference; fileEncoding = 4; lastKnownFileType = sourcecode.c.objc; path = PostController.m; sourceTree = "<group>"; };
		92420B030D43C01C00AAF1A4 /* City.h */ = {isa = PBXFileReference; fileEncoding = 4; lastKnownFileType = sourcecode.c.h; path = City.h; sourceTree = "<group>"; };
		92420B040D43C01C00AAF1A4 /* City.m */ = {isa = PBXFileReference; fileEncoding = 4; lastKnownFileType = sourcecode.c.objc; path = City.m; sourceTree = "<group>"; };
		92420B060D43C06E00AAF1A4 /* Category.h */ = {isa = PBXFileReference; fileEncoding = 4; lastKnownFileType = sourcecode.c.h; path = Category.h; sourceTree = "<group>"; };
		92420B070D43C06E00AAF1A4 /* Category.m */ = {isa = PBXFileReference; fileEncoding = 4; lastKnownFileType = sourcecode.c.objc; path = Category.m; sourceTree = "<group>"; };
		92420B090D43C09300AAF1A4 /* Post.h */ = {isa = PBXFileReference; fileEncoding = 4; lastKnownFileType = sourcecode.c.h; path = Post.h; sourceTree = "<group>"; };
		92420B0A0D43C09300AAF1A4 /* Post.m */ = {isa = PBXFileReference; fileEncoding = 4; lastKnownFileType = sourcecode.c.objc; path = Post.m; sourceTree = "<group>"; };
		92420B4A0D43D17C00AAF1A4 /* FavoriteValueTransformer.h */ = {isa = PBXFileReference; fileEncoding = 4; lastKnownFileType = sourcecode.c.h; path = FavoriteValueTransformer.h; sourceTree = "<group>"; };
		92420B4B0D43D17C00AAF1A4 /* FavoriteValueTransformer.m */ = {isa = PBXFileReference; fileEncoding = 4; lastKnownFileType = sourcecode.c.objc; path = FavoriteValueTransformer.m; sourceTree = "<group>"; };
		92420B4D0D43D19700AAF1A4 /* RespondedValueTransformer.h */ = {isa = PBXFileReference; fileEncoding = 4; lastKnownFileType = sourcecode.c.h; path = RespondedValueTransformer.h; sourceTree = "<group>"; };
		92420B4E0D43D19700AAF1A4 /* RespondedValueTransformer.m */ = {isa = PBXFileReference; fileEncoding = 4; lastKnownFileType = sourcecode.c.objc; path = RespondedValueTransformer.m; sourceTree = "<group>"; };
		92420B500D43D1A800AAF1A4 /* PicValueTransformer.h */ = {isa = PBXFileReference; fileEncoding = 4; lastKnownFileType = sourcecode.c.h; path = PicValueTransformer.h; sourceTree = "<group>"; };
		92420B510D43D1A800AAF1A4 /* PicValueTransformer.m */ = {isa = PBXFileReference; fileEncoding = 4; lastKnownFileType = sourcecode.c.objc; path = PicValueTransformer.m; sourceTree = "<group>"; };
		92420B990D44EE6F00AAF1A4 /* PostImage.h */ = {isa = PBXFileReference; fileEncoding = 4; lastKnownFileType = sourcecode.c.h; path = PostImage.h; sourceTree = "<group>"; };
		92420B9A0D44EE6F00AAF1A4 /* PostImage.m */ = {isa = PBXFileReference; fileEncoding = 4; lastKnownFileType = sourcecode.c.objc; path = PostImage.m; sourceTree = "<group>"; };
		92B17AE80D4788AE00E2EE87 /* FlaggedValueTransformer.h */ = {isa = PBXFileReference; fileEncoding = 4; lastKnownFileType = sourcecode.c.h; path = FlaggedValueTransformer.h; sourceTree = "<group>"; };
		92B17AE90D4788AE00E2EE87 /* FlaggedValueTransformer.m */ = {isa = PBXFileReference; fileEncoding = 4; lastKnownFileType = sourcecode.c.objc; path = FlaggedValueTransformer.m; sourceTree = "<group>"; };
		92B17AEA0D4788AE00E2EE87 /* KeystrokeAwareButton.h */ = {isa = PBXFileReference; fileEncoding = 4; lastKnownFileType = sourcecode.c.h; path = KeystrokeAwareButton.h; sourceTree = "<group>"; };
		92B17AEB0D4788AE00E2EE87 /* KeystrokeAwareButton.m */ = {isa = PBXFileReference; fileEncoding = 4; lastKnownFileType = sourcecode.c.objc; path = KeystrokeAwareButton.m; sourceTree = "<group>"; };
		92B17AEC0D4788AE00E2EE87 /* MessageTemplateImage.h */ = {isa = PBXFileReference; fileEncoding = 4; lastKnownFileType = sourcecode.c.h; path = MessageTemplateImage.h; sourceTree = "<group>"; };
		92B17AED0D4788AE00E2EE87 /* MessageTemplateImage.m */ = {isa = PBXFileReference; fileEncoding = 4; lastKnownFileType = sourcecode.c.objc; path = MessageTemplateImage.m; sourceTree = "<group>"; };
/* End PBXFileReference section */

/* Begin PBXFrameworksBuildPhase section */
		8D11072E0486CEB800E47090 /* Frameworks */ = {
			isa = PBXFrameworksBuildPhase;
			buildActionMask = 2147483647;
			files = (
				8D11072F0486CEB800E47090 /* Cocoa.framework in Frameworks */,
				9221CAD80D3A9EAA00895DFC /* CSMail.framework in Frameworks */,
			);
			runOnlyForDeploymentPostprocessing = 0;
		};
/* End PBXFrameworksBuildPhase section */

/* Begin PBXGroup section */
		080E96DDFE201D6D7F000001 /* Classes */ = {
			isa = PBXGroup;
			children = (
				921D66F60D4941F70005B2EA /* BaseTableView.h */,
				921D66F70D4941F70005B2EA /* BaseTableView.m */,
				921D66F80D4941F70005B2EA /* MessageTemplateTableView.h */,
				921D66F90D4941F70005B2EA /* MessageTemplateTableView.m */,
				921D644C0D48C38E0005B2EA /* PostImageView.h */,
				921D64830D48CA9B0005B2EA /* AttachmentImageView.h */,
				921D64840D48CA9B0005B2EA /* AttachmentImageView.m */,
				921D64850D48CA9B0005B2EA /* AttachmentTableView.h */,
				921D64860D48CA9B0005B2EA /* AttachmentTableView.m */,
				921D644D0D48C38E0005B2EA /* PostImageView.m */,
				92B17AE80D4788AE00E2EE87 /* FlaggedValueTransformer.h */,
				92B17AE90D4788AE00E2EE87 /* FlaggedValueTransformer.m */,
				92B17AEA0D4788AE00E2EE87 /* KeystrokeAwareButton.h */,
				92B17AEB0D4788AE00E2EE87 /* KeystrokeAwareButton.m */,
				92B17AEC0D4788AE00E2EE87 /* MessageTemplateImage.h */,
				92B17AED0D4788AE00E2EE87 /* MessageTemplateImage.m */,
				9221CAD30D3A986800895DFC /* MessageTemplateController.m */,
				9221CAD40D3A986800895DFC /* MessageTemplateController.h */,
				77C8280B06725ACE000B614F /* CLManager_AppDelegate.h */,
				77C8280C06725ACE000B614F /* CLManager_AppDelegate.m */,
				9221CB320D3ADE9B00895DFC /* PostController.h */,
				9221CB330D3ADE9B00895DFC /* PostController.m */,
				92420B030D43C01C00AAF1A4 /* City.h */,
				92420B040D43C01C00AAF1A4 /* City.m */,
				92420B060D43C06E00AAF1A4 /* Category.h */,
				92420B070D43C06E00AAF1A4 /* Category.m */,
				92420B090D43C09300AAF1A4 /* Post.h */,
				92420B0A0D43C09300AAF1A4 /* Post.m */,
				92420B4A0D43D17C00AAF1A4 /* FavoriteValueTransformer.h */,
				92420B4B0D43D17C00AAF1A4 /* FavoriteValueTransformer.m */,
				92420B4D0D43D19700AAF1A4 /* RespondedValueTransformer.h */,
				92420B4E0D43D19700AAF1A4 /* RespondedValueTransformer.m */,
				92420B500D43D1A800AAF1A4 /* PicValueTransformer.h */,
				92420B510D43D1A800AAF1A4 /* PicValueTransformer.m */,
				92420B990D44EE6F00AAF1A4 /* PostImage.h */,
				92420B9A0D44EE6F00AAF1A4 /* PostImage.m */,
				921D65230D48DE540005B2EA /* MessageTemplateViewItem.h */,
				921D65240D48DE540005B2EA /* MessageTemplateViewItem.m */,
				921D65260D48DE870005B2EA /* MessageTemplateCollectionView.h */,
				921D65270D48DE870005B2EA /* MessageTemplateCollectionView.m */,
				921D66D30D4940000005B2EA /* AttachmentCell.h */,
				921D66D40D4940000005B2EA /* AttachmentCell.m */,
			);
			name = Classes;
			sourceTree = "<group>";
		};
		1058C7A0FEA54F0111CA2CBB /* Linked Frameworks */ = {
			isa = PBXGroup;
			children = (
				1058C7A1FEA54F0111CA2CBB /* Cocoa.framework */,
			);
			name = "Linked Frameworks";
			sourceTree = "<group>";
		};
		1058C7A2FEA54F0111CA2CBB /* Other Frameworks */ = {
			isa = PBXGroup;
			children = (
				9221CAD70D3A9EAA00895DFC /* CSMail.framework */,
				77C82804067257F0000B614F /* CoreData.framework */,
				29B97325FDCFA39411CA2CEA /* Foundation.framework */,
				29B97324FDCFA39411CA2CEA /* AppKit.framework */,
			);
			name = "Other Frameworks";
			sourceTree = "<group>";
		};
		19C28FACFE9D520D11CA2CBB /* Products */ = {
			isa = PBXGroup;
			children = (
				8D1107320486CEB800E47090 /* CLManager.app */,
			);
			name = Products;
			sourceTree = "<group>";
		};
		29B97314FDCFA39411CA2CEA /* CLManager */ = {
			isa = PBXGroup;
			children = (
				7756732906782D8800D1FEB8 /* Models */,
				080E96DDFE201D6D7F000001 /* Classes */,
				29B97315FDCFA39411CA2CEA /* Other Sources */,
				29B97317FDCFA39411CA2CEA /* Resources */,
				29B97323FDCFA39411CA2CEA /* Frameworks */,
				19C28FACFE9D520D11CA2CBB /* Products */,
			);
			name = CLManager;
			sourceTree = "<group>";
		};
		29B97315FDCFA39411CA2CEA /* Other Sources */ = {
			isa = PBXGroup;
			children = (
				32CA4F630368D1EE00C91783 /* CLManager_Prefix.pch */,
				29B97316FDCFA39411CA2CEA /* main.m */,
			);
			name = "Other Sources";
			sourceTree = "<group>";
		};
		29B97317FDCFA39411CA2CEA /* Resources */ = {
			isa = PBXGroup;
			children = (
				8D1107310486CEB800E47090 /* Info.plist */,
				089C165CFE840E0CC02AAC07 /* InfoPlist.strings */,
				29B97318FDCFA39411CA2CEA /* MainMenu.nib */,
			);
			name = Resources;
			sourceTree = "<group>";
		};
		29B97323FDCFA39411CA2CEA /* Frameworks */ = {
			isa = PBXGroup;
			children = (
				1058C7A0FEA54F0111CA2CBB /* Linked Frameworks */,
				1058C7A2FEA54F0111CA2CBB /* Other Frameworks */,
			);
			name = Frameworks;
			sourceTree = "<group>";
		};
		7756732906782D8800D1FEB8 /* Models */ = {
			isa = PBXGroup;
			children = (
				770B37EC0679A11B001EADE2 /* CLManager_DataModel.xcdatamodel */,
			);
			name = Models;
			sourceTree = "<group>";
		};
/* End PBXGroup section */

/* Begin PBXNativeTarget section */
		8D1107260486CEB800E47090 /* CLManager */ = {
			isa = PBXNativeTarget;
			buildConfigurationList = 26FC0A840875C7B200E6366F /* Build configuration list for PBXNativeTarget "CLManager" */;
			buildPhases = (
				8D1107290486CEB800E47090 /* Resources */,
				8D11072C0486CEB800E47090 /* Sources */,
				8D11072E0486CEB800E47090 /* Frameworks */,
			);
			buildRules = (
			);
			dependencies = (
			);
			name = CLManager;
			productInstallPath = "$(HOME)/Applications";
			productName = CLManager;
			productReference = 8D1107320486CEB800E47090 /* CLManager.app */;
			productType = "com.apple.product-type.application";
		};
/* End PBXNativeTarget section */

/* Begin PBXProject section */
		29B97313FDCFA39411CA2CEA /* Project object */ = {
			isa = PBXProject;
			buildConfigurationList = 26FC0A880875C7B200E6366F /* Build configuration list for PBXProject "CLManager" */;
			compatibilityVersion = "Xcode 3.0";
			hasScannedForEncodings = 1;
			mainGroup = 29B97314FDCFA39411CA2CEA /* CLManager */;
			projectDirPath = "";
			projectRoot = "";
			targets = (
				8D1107260486CEB800E47090 /* CLManager */,
			);
		};
/* End PBXProject section */

/* Begin PBXResourcesBuildPhase section */
		8D1107290486CEB800E47090 /* Resources */ = {
			isa = PBXResourcesBuildPhase;
			buildActionMask = 2147483647;
			files = (
				8D11072A0486CEB800E47090 /* MainMenu.nib in Resources */,
				8D11072B0486CEB800E47090 /* InfoPlist.strings in Resources */,
			);
			runOnlyForDeploymentPostprocessing = 0;
		};
/* End PBXResourcesBuildPhase section */

/* Begin PBXSourcesBuildPhase section */
		8D11072C0486CEB800E47090 /* Sources */ = {
			isa = PBXSourcesBuildPhase;
			buildActionMask = 2147483647;
			files = (
				8D11072D0486CEB800E47090 /* main.m in Sources */,
				77C8280E06725ACE000B614F /* CLManager_AppDelegate.m in Sources */,
				770B37ED0679A11B001EADE2 /* CLManager_DataModel.xcdatamodel in Sources */,
				9221CAD50D3A986800895DFC /* MessageTemplateController.m in Sources */,
				9221CB340D3ADE9B00895DFC /* PostController.m in Sources */,
				92420B050D43C01C00AAF1A4 /* City.m in Sources */,
				92420B080D43C06E00AAF1A4 /* Category.m in Sources */,
				92420B0B0D43C09300AAF1A4 /* Post.m in Sources */,
				92420B4C0D43D17C00AAF1A4 /* FavoriteValueTransformer.m in Sources */,
				92420B4F0D43D19700AAF1A4 /* RespondedValueTransformer.m in Sources */,
				92420B520D43D1A800AAF1A4 /* PicValueTransformer.m in Sources */,
				92420B9B0D44EE6F00AAF1A4 /* PostImage.m in Sources */,
				92B17AEE0D4788AE00E2EE87 /* FlaggedValueTransformer.m in Sources */,
				92B17AEF0D4788AE00E2EE87 /* KeystrokeAwareButton.m in Sources */,
				92B17AF00D4788AE00E2EE87 /* MessageTemplateImage.m in Sources */,
				921D644E0D48C38E0005B2EA /* PostImageView.m in Sources */,
				921D64870D48CA9B0005B2EA /* AttachmentImageView.m in Sources */,
				921D64880D48CA9B0005B2EA /* AttachmentTableView.m in Sources */,
				921D65250D48DE540005B2EA /* MessageTemplateViewItem.m in Sources */,
				921D65280D48DE870005B2EA /* MessageTemplateCollectionView.m in Sources */,
				921D66D50D4940000005B2EA /* AttachmentCell.m in Sources */,
				921D66FA0D4941F70005B2EA /* BaseTableView.m in Sources */,
				921D66FB0D4941F70005B2EA /* MessageTemplateTableView.m in Sources */,
			);
			runOnlyForDeploymentPostprocessing = 0;
		};
/* End PBXSourcesBuildPhase section */

/* Begin PBXVariantGroup section */
		089C165CFE840E0CC02AAC07 /* InfoPlist.strings */ = {
			isa = PBXVariantGroup;
			children = (
				089C165DFE840E0CC02AAC07 /* English */,
			);
			name = InfoPlist.strings;
			sourceTree = "<group>";
		};
		29B97318FDCFA39411CA2CEA /* MainMenu.nib */ = {
			isa = PBXVariantGroup;
			children = (
				29B97319FDCFA39411CA2CEA /* English */,
			);
			name = MainMenu.nib;
			sourceTree = "<group>";
		};
/* End PBXVariantGroup section */

/* Begin XCBuildConfiguration section */
		26FC0A850875C7B200E6366F /* Debug */ = {
			isa = XCBuildConfiguration;
			buildSettings = {
				COPY_PHASE_STRIP = NO;
				GCC_DYNAMIC_NO_PIC = NO;
				GCC_ENABLE_FIX_AND_CONTINUE = YES;
				GCC_ENABLE_OBJC_EXCEPTIONS = YES;
				GCC_MODEL_TUNING = G5;
				GCC_OPTIMIZATION_LEVEL = 0;
				GCC_PRECOMPILE_PREFIX_HEADER = YES;
				GCC_PREFIX_HEADER = CLManager_Prefix.pch;
				INFOPLIST_FILE = Info.plist;
				INSTALL_PATH = "$(HOME)/Applications";
				PRODUCT_NAME = CLManager;
				WRAPPER_EXTENSION = app;
				ZERO_LINK = YES;
			};
			name = Debug;
		};
		26FC0A860875C7B200E6366F /* Release */ = {
			isa = XCBuildConfiguration;
			buildSettings = {
				DEBUG_INFORMATION_FORMAT = "dwarf-with-dsym";
				GCC_ENABLE_OBJC_EXCEPTIONS = YES;
				GCC_MODEL_TUNING = G5;
				GCC_PRECOMPILE_PREFIX_HEADER = YES;
				GCC_PREFIX_HEADER = CLManager_Prefix.pch;
				INFOPLIST_FILE = Info.plist;
				INSTALL_PATH = "$(HOME)/Applications";
				PRODUCT_NAME = CLManager;
				WRAPPER_EXTENSION = app;
			};
			name = Release;
		};
		26FC0A890875C7B200E6366F /* Debug */ = {
			isa = XCBuildConfiguration;
			buildSettings = {
				GCC_WARN_ABOUT_RETURN_TYPE = YES;
				GCC_WARN_UNUSED_VARIABLE = YES;
				PREBINDING = NO;
				SDKROOT = "$(DEVELOPER_SDK_DIR)/MacOSX10.5.sdk";
			};
			name = Debug;
		};
		26FC0A8A0875C7B200E6366F /* Release */ = {
			isa = XCBuildConfiguration;
			buildSettings = {
				ARCHS = (
					ppc,
					i386,
				);
				GCC_WARN_ABOUT_RETURN_TYPE = YES;
				GCC_WARN_UNUSED_VARIABLE = YES;
				PREBINDING = NO;
				SDKROOT = "$(DEVELOPER_SDK_DIR)/MacOSX10.5.sdk";
			};
			name = Release;
		};
/* End XCBuildConfiguration section */

/* Begin XCConfigurationList section */
		26FC0A840875C7B200E6366F /* Build configuration list for PBXNativeTarget "CLManager" */ = {
			isa = XCConfigurationList;
			buildConfigurations = (
				26FC0A850875C7B200E6366F /* Debug */,
				26FC0A860875C7B200E6366F /* Release */,
			);
			defaultConfigurationIsVisible = 0;
			defaultConfigurationName = Release;
		};
		26FC0A880875C7B200E6366F /* Build configuration list for PBXProject "CLManager" */ = {
			isa = XCConfigurationList;
			buildConfigurations = (
				26FC0A890875C7B200E6366F /* Debug */,
				26FC0A8A0875C7B200E6366F /* Release */,
			);
			defaultConfigurationIsVisible = 0;
			defaultConfigurationName = Release;
		};
/* End XCConfigurationList section */
	};
	rootObject = 29B97313FDCFA39411CA2CEA /* Project object */;
}
